
Microsoft Visual Studio Solution File, Format Version 12.00
# Visual Studio Version 17
VisualStudioVersion = 17.1.32319.34
MinimumVisualStudioVersion = 10.0.40219.1
Project("{FAE04EC0-301F-11D3-BF4B-00C04F79EFBC}") = "CV_demo1", "CV_demo1\CV_demo1.csproj", "{56D8A25E-27DA-44B3-9CCC-A6568ADE3959}"
EndProject
Global
	GlobalSection(SolutionConfigurationPlatforms) = preSolution
		Debug|Any CPU = Debug|Any CPU
		Release|Any CPU = Release|Any CPU
	EndGlobalSection
	GlobalSection(ProjectConfigurationPlatforms) = postSolution
		{56D8A25E-27DA-44B3-9CCC-A6568ADE3959}.Debug|Any CPU.ActiveCfg = Debug|Any CPU
		{56D8A25E-27DA-44B3-9CCC-A6568ADE3959}.Debug|Any CPU.Build.0 = Debug|Any CPU
		{56D8A25E-27DA-44B3-9CCC-A6568ADE3959}.Release|Any CPU.ActiveCfg = Release|Any CPU
		{56D8A25E-27DA-44B3-9CCC-A6568ADE3959}.Release|Any CPU.Build.0 = Release|Any CPU
	EndGlobalSection
	GlobalSection(SolutionProperties) = preSolution
		HideSolutionNode = FALSE
	EndGlobalSection
	GlobalSection(ExtensibilityGlobals) = postSolution
		SolutionGuid = {50699E7C-ED81-4AEB-B628-F69DF5D1C934}
	EndGlobalSection
EndGlobal
